
Microsoft Visual Studio Solution File, Format Version 12.00
# Visual Studio Version 17
VisualStudioVersion = 17.0.31903.59
MinimumVisualStudioVersion = 10.0.40219.1
Project("{9A19103F-16F7-4668-BE54-9A1E7A4F7556}") = "Domain", "src\Identity\Domain\Domain.csproj", "{C7E89A3E-A631-4760-8D61-BD1EAB1C4E69}"
EndProject
Project("{9A19103F-16F7-4668-BE54-9A1E7A4F7556}") = "Application", "src\Identity\Application\Application.csproj", "{34C0FACD-F3D9-400C-8945-554DD6B0819A}"
EndProject
Project("{9A19103F-16F7-4668-BE54-9A1E7A4F7556}") = "Infrastructure", "src\Identity\Infrastructure\Infrastructure.csproj", "{117DA02F-5274-4565-ACC6-DA9B6E568B09}"
EndProject
Project("{2150E333-8FDC-42A3-9474-1A3956D46DE8}") = "src", "src", "{6ED356A7-8B47-4613-AD01-C85CF28491BD}"
EndProject
Project("{2150E333-8FDC-42A3-9474-1A3956D46DE8}") = "tests", "tests", "{664D406C-2F83-48F0-BFC3-408D5CB53C65}"
EndProject
Project("{9A19103F-16F7-4668-BE54-9A1E7A4F7556}") = "Application.UnitTests", "tests\Application.UnitTests\Application.UnitTests.csproj", "{DEFF4009-1FAB-4392-80B6-707E2DC5C00B}"
EndProject
Project("{9A19103F-16F7-4668-BE54-9A1E7A4F7556}") = "Domain.UnitTests", "tests\Domain.UnitTests\Domain.UnitTests.csproj", "{DC37FD87-552C-4613-9F16-1537CA522898}"
EndProject
Project("{2150E333-8FDC-42A3-9474-1A3956D46DE8}") = "Solution Items", "Solution Items", "{E2DA20AA-28D1-455C-BF50-C49A8F831633}"
	ProjectSection(SolutionItems) = preProject
		.editorconfig = .editorconfig
		.gitignore = .gitignore
		Directory.Build.props = Directory.Build.props
		Directory.Packages.props = Directory.Packages.props
		global.json = global.json
		README.md = README.md
	EndProjectSection
EndProject
Project("{9A19103F-16F7-4668-BE54-9A1E7A4F7556}") = "API", "src\Identity\API\API.csproj", "{4E4EE20C-F06A-4A1B-851F-C5577796941C}"
EndProject
Project("{9A19103F-16F7-4668-BE54-9A1E7A4F7556}") = "Application.FunctionalTests", "tests\Application.FunctionalTests\Application.FunctionalTests.csproj", "{EA6127A5-94C9-4C31-AD11-E6811B92B520}"
EndProject
Project("{9A19103F-16F7-4668-BE54-9A1E7A4F7556}") = "Infrastructure.IntegrationTests", "tests\Infrastructure.IntegrationTests\Infrastructure.IntegrationTests.csproj", "{01FA6786-921D-4CE8-8C50-4FDA66C9477D}"
EndProject
Project("{FAE04EC0-301F-11D3-BF4B-00C04F79EFBC}") = "AppHost", "src\AppHost\AppHost.csproj", "{36483B25-E165-46F3-AA1C-ADE75A46BD8E}"
EndProject
Project("{FAE04EC0-301F-11D3-BF4B-00C04F79EFBC}") = "ServiceDefaults", "src\ServiceDefaults\ServiceDefaults.csproj", "{15AFAC17-7E6E-4DB9-A5D9-EA96C5287CD2}"
EndProject
Project("{2150E333-8FDC-42A3-9474-1A3956D46DE8}") = "Shared", "Shared", "{AFBD6C66-13E1-44C9-8B2E-E9E3D2990478}"
EndProject
Project("{2150E333-8FDC-42A3-9474-1A3956D46DE8}") = "Identity", "Identity", "{A7EB25C5-5C98-493B-9809-0FEB3DC96348}"
EndProject
Project("{2150E333-8FDC-42A3-9474-1A3956D46DE8}") = "Gateway", "Gateway", "{B0802B93-6115-426C-A728-0E3E97FB75A7}"
EndProject
Project("{2150E333-8FDC-42A3-9474-1A3956D46DE8}") = "World", "World", "{D9FB40C3-4591-4219-8D34-F37FA0C492E8}"
EndProject
Project("{2150E333-8FDC-42A3-9474-1A3956D46DE8}") = "Web", "Web", "{8C1BAC03-D707-4EB0-8078-E17574EE072B}"
EndProject
Project("{FAE04EC0-301F-11D3-BF4B-00C04F79EFBC}") = "GameServer.Shared", "src\Shared\GameServer.Shared\GameServer.Shared.csproj", "{48CF1118-3BB6-45F8-BD01-0B0C1B8CA5A5}"
EndProject
Project("{FAE04EC0-301F-11D3-BF4B-00C04F79EFBC}") = "GameServer.Shared.Database", "src\Shared\GameServer.Shared.Database\GameServer.Shared.Database.csproj", "{BD1AD15B-E693-4DDD-998D-E728C68A0CBA}"
EndProject
Project("{FAE04EC0-301F-11D3-BF4B-00C04F79EFBC}") = "GameServer.Shared.Domain", "src\Shared\GameServer.Shared.Domain\GameServer.Shared.Domain.csproj", "{7451A165-B474-4605-B641-C9436CDF567F}"
EndProject
Project("{FAE04EC0-301F-11D3-BF4B-00C04F79EFBC}") = "GameServer.Shared.EventBus", "src\Shared\GameServer.Shared.EventBus\GameServer.Shared.EventBus.csproj", "{0603AA8A-E359-4E7E-9A45-6604ECCC24C4}"
EndProject
Global
	GlobalSection(SolutionConfigurationPlatforms) = preSolution
		Debug|Any CPU = Debug|Any CPU
		Release|Any CPU = Release|Any CPU
	EndGlobalSection
	GlobalSection(ProjectConfigurationPlatforms) = postSolution
		{C7E89A3E-A631-4760-8D61-BD1EAB1C4E69}.Debug|Any CPU.ActiveCfg = Debug|Any CPU
		{C7E89A3E-A631-4760-8D61-BD1EAB1C4E69}.Debug|Any CPU.Build.0 = Debug|Any CPU
		{C7E89A3E-A631-4760-8D61-BD1EAB1C4E69}.Release|Any CPU.ActiveCfg = Release|Any CPU
		{C7E89A3E-A631-4760-8D61-BD1EAB1C4E69}.Release|Any CPU.Build.0 = Release|Any CPU
		{34C0FACD-F3D9-400C-8945-554DD6B0819A}.Debug|Any CPU.ActiveCfg = Debug|Any CPU
		{34C0FACD-F3D9-400C-8945-554DD6B0819A}.Debug|Any CPU.Build.0 = Debug|Any CPU
		{34C0FACD-F3D9-400C-8945-554DD6B0819A}.Release|Any CPU.ActiveCfg = Release|Any CPU
		{34C0FACD-F3D9-400C-8945-554DD6B0819A}.Release|Any CPU.Build.0 = Release|Any CPU
		{117DA02F-5274-4565-ACC6-DA9B6E568B09}.Debug|Any CPU.ActiveCfg = Debug|Any CPU
		{117DA02F-5274-4565-ACC6-DA9B6E568B09}.Debug|Any CPU.Build.0 = Debug|Any CPU
		{117DA02F-5274-4565-ACC6-DA9B6E568B09}.Release|Any CPU.ActiveCfg = Release|Any CPU
		{117DA02F-5274-4565-ACC6-DA9B6E568B09}.Release|Any CPU.Build.0 = Release|Any CPU
		{DEFF4009-1FAB-4392-80B6-707E2DC5C00B}.Debug|Any CPU.ActiveCfg = Debug|Any CPU
		{DEFF4009-1FAB-4392-80B6-707E2DC5C00B}.Debug|Any CPU.Build.0 = Debug|Any CPU
		{DEFF4009-1FAB-4392-80B6-707E2DC5C00B}.Release|Any CPU.ActiveCfg = Release|Any CPU
		{DEFF4009-1FAB-4392-80B6-707E2DC5C00B}.Release|Any CPU.Build.0 = Release|Any CPU
		{DC37FD87-552C-4613-9F16-1537CA522898}.Debug|Any CPU.ActiveCfg = Debug|Any CPU
		{DC37FD87-552C-4613-9F16-1537CA522898}.Debug|Any CPU.Build.0 = Debug|Any CPU
		{DC37FD87-552C-4613-9F16-1537CA522898}.Release|Any CPU.ActiveCfg = Release|Any CPU
		{DC37FD87-552C-4613-9F16-1537CA522898}.Release|Any CPU.Build.0 = Release|Any CPU
		{4E4EE20C-F06A-4A1B-851F-C5577796941C}.Debug|Any CPU.ActiveCfg = Debug|Any CPU
		{4E4EE20C-F06A-4A1B-851F-C5577796941C}.Debug|Any CPU.Build.0 = Debug|Any CPU
		{4E4EE20C-F06A-4A1B-851F-C5577796941C}.Release|Any CPU.ActiveCfg = Release|Any CPU
		{4E4EE20C-F06A-4A1B-851F-C5577796941C}.Release|Any CPU.Build.0 = Release|Any CPU
		{EA6127A5-94C9-4C31-AD11-E6811B92B520}.Debug|Any CPU.ActiveCfg = Debug|Any CPU
		{EA6127A5-94C9-4C31-AD11-E6811B92B520}.Debug|Any CPU.Build.0 = Debug|Any CPU
		{EA6127A5-94C9-4C31-AD11-E6811B92B520}.Release|Any CPU.ActiveCfg = Release|Any CPU
		{EA6127A5-94C9-4C31-AD11-E6811B92B520}.Release|Any CPU.Build.0 = Release|Any CPU
		{01FA6786-921D-4CE8-8C50-4FDA66C9477D}.Debug|Any CPU.ActiveCfg = Debug|Any CPU
		{01FA6786-921D-4CE8-8C50-4FDA66C9477D}.Debug|Any CPU.Build.0 = Debug|Any CPU
		{01FA6786-921D-4CE8-8C50-4FDA66C9477D}.Release|Any CPU.ActiveCfg = Release|Any CPU
		{01FA6786-921D-4CE8-8C50-4FDA66C9477D}.Release|Any CPU.Build.0 = Release|Any CPU
		{36483B25-E165-46F3-AA1C-ADE75A46BD8E}.Debug|Any CPU.ActiveCfg = Debug|Any CPU
		{36483B25-E165-46F3-AA1C-ADE75A46BD8E}.Debug|Any CPU.Build.0 = Debug|Any CPU
		{36483B25-E165-46F3-AA1C-ADE75A46BD8E}.Release|Any CPU.ActiveCfg = Release|Any CPU
		{36483B25-E165-46F3-AA1C-ADE75A46BD8E}.Release|Any CPU.Build.0 = Release|Any CPU
		{15AFAC17-7E6E-4DB9-A5D9-EA96C5287CD2}.Debug|Any CPU.ActiveCfg = Debug|Any CPU
		{15AFAC17-7E6E-4DB9-A5D9-EA96C5287CD2}.Debug|Any CPU.Build.0 = Debug|Any CPU
		{15AFAC17-7E6E-4DB9-A5D9-EA96C5287CD2}.Release|Any CPU.ActiveCfg = Release|Any CPU
		{15AFAC17-7E6E-4DB9-A5D9-EA96C5287CD2}.Release|Any CPU.Build.0 = Release|Any CPU
		{48CF1118-3BB6-45F8-BD01-0B0C1B8CA5A5}.Debug|Any CPU.ActiveCfg = Debug|Any CPU
		{48CF1118-3BB6-45F8-BD01-0B0C1B8CA5A5}.Debug|Any CPU.Build.0 = Debug|Any CPU
		{48CF1118-3BB6-45F8-BD01-0B0C1B8CA5A5}.Release|Any CPU.ActiveCfg = Release|Any CPU
		{48CF1118-3BB6-45F8-BD01-0B0C1B8CA5A5}.Release|Any CPU.Build.0 = Release|Any CPU
		{BD1AD15B-E693-4DDD-998D-E728C68A0CBA}.Debug|Any CPU.ActiveCfg = Debug|Any CPU
		{BD1AD15B-E693-4DDD-998D-E728C68A0CBA}.Debug|Any CPU.Build.0 = Debug|Any CPU
		{BD1AD15B-E693-4DDD-998D-E728C68A0CBA}.Release|Any CPU.ActiveCfg = Release|Any CPU
		{BD1AD15B-E693-4DDD-998D-E728C68A0CBA}.Release|Any CPU.Build.0 = Release|Any CPU
		{7451A165-B474-4605-B641-C9436CDF567F}.Debug|Any CPU.ActiveCfg = Debug|Any CPU
		{7451A165-B474-4605-B641-C9436CDF567F}.Debug|Any CPU.Build.0 = Debug|Any CPU
		{7451A165-B474-4605-B641-C9436CDF567F}.Release|Any CPU.ActiveCfg = Release|Any CPU
		{7451A165-B474-4605-B641-C9436CDF567F}.Release|Any CPU.Build.0 = Release|Any CPU
		{0603AA8A-E359-4E7E-9A45-6604ECCC24C4}.Debug|Any CPU.ActiveCfg = Debug|Any CPU
		{0603AA8A-E359-4E7E-9A45-6604ECCC24C4}.Debug|Any CPU.Build.0 = Debug|Any CPU
		{0603AA8A-E359-4E7E-9A45-6604ECCC24C4}.Release|Any CPU.ActiveCfg = Release|Any CPU
		{0603AA8A-E359-4E7E-9A45-6604ECCC24C4}.Release|Any CPU.Build.0 = Release|Any CPU
	EndGlobalSection
	GlobalSection(SolutionProperties) = preSolution
		HideSolutionNode = FALSE
	EndGlobalSection
	GlobalSection(NestedProjects) = preSolution
		{DEFF4009-1FAB-4392-80B6-707E2DC5C00B} = {664D406C-2F83-48F0-BFC3-408D5CB53C65}
		{DC37FD87-552C-4613-9F16-1537CA522898} = {664D406C-2F83-48F0-BFC3-408D5CB53C65}
		{EA6127A5-94C9-4C31-AD11-E6811B92B520} = {664D406C-2F83-48F0-BFC3-408D5CB53C65}
		{01FA6786-921D-4CE8-8C50-4FDA66C9477D} = {664D406C-2F83-48F0-BFC3-408D5CB53C65}
		{36483B25-E165-46F3-AA1C-ADE75A46BD8E} = {6ED356A7-8B47-4613-AD01-C85CF28491BD}
		{15AFAC17-7E6E-4DB9-A5D9-EA96C5287CD2} = {6ED356A7-8B47-4613-AD01-C85CF28491BD}
		{AFBD6C66-13E1-44C9-8B2E-E9E3D2990478} = {6ED356A7-8B47-4613-AD01-C85CF28491BD}
		{A7EB25C5-5C98-493B-9809-0FEB3DC96348} = {6ED356A7-8B47-4613-AD01-C85CF28491BD}
		{B0802B93-6115-426C-A728-0E3E97FB75A7} = {6ED356A7-8B47-4613-AD01-C85CF28491BD}
		{D9FB40C3-4591-4219-8D34-F37FA0C492E8} = {6ED356A7-8B47-4613-AD01-C85CF28491BD}
		{8C1BAC03-D707-4EB0-8078-E17574EE072B} = {6ED356A7-8B47-4613-AD01-C85CF28491BD}
		{34C0FACD-F3D9-400C-8945-554DD6B0819A} = {A7EB25C5-5C98-493B-9809-0FEB3DC96348}
		{C7E89A3E-A631-4760-8D61-BD1EAB1C4E69} = {A7EB25C5-5C98-493B-9809-0FEB3DC96348}
		{117DA02F-5274-4565-ACC6-DA9B6E568B09} = {A7EB25C5-5C98-493B-9809-0FEB3DC96348}
		{4E4EE20C-F06A-4A1B-851F-C5577796941C} = {A7EB25C5-5C98-493B-9809-0FEB3DC96348}
		{48CF1118-3BB6-45F8-BD01-0B0C1B8CA5A5} = {AFBD6C66-13E1-44C9-8B2E-E9E3D2990478}
		{BD1AD15B-E693-4DDD-998D-E728C68A0CBA} = {AFBD6C66-13E1-44C9-8B2E-E9E3D2990478}
		{7451A165-B474-4605-B641-C9436CDF567F} = {AFBD6C66-13E1-44C9-8B2E-E9E3D2990478}
		{0603AA8A-E359-4E7E-9A45-6604ECCC24C4} = {AFBD6C66-13E1-44C9-8B2E-E9E3D2990478}
	EndGlobalSection
	GlobalSection(ExtensibilityGlobals) = postSolution
		SolutionGuid = {3CB609D9-5D54-4C11-A371-DAAC8B74E430}
	EndGlobalSection
EndGlobal
